{
  "originHash" : "31492fa00a3f6cb55e022035144c7f30164d0892a237584f33409b75cad57313",
  "pins" : [
    {
      "identity" : "couchbase-lite-swift-ee",
      "kind" : "remoteSourceControl",
      "location" : "https://github.com/couchbase/couchbase-lite-swift-ee.git",
      "state" : {
        "revision" : "b1b83765acae7f1930346189c3166f0cdee62fab",
        "version" : "4.1.0"
      }
    }
  ],
  "version" : 3
}
